PODS:
  - Bugsnag (6.27.0)
  - common (12):
    - Bugsnag

DEPENDENCIES:
  - common (from `../common`)

SPEC REPOS:
  trunk:
    - Bugsnag

EXTERNAL SOURCES:
  common:
    :path: "../common"

SPEC CHECKSUMS:
  Bugsnag: db2df549eacd3b23e6fbef81a38b30c250be0304
  common: 3b2da74cd58677fe8b2ddaadc33a40a8e1378da6

PODFILE CHECKSUM: f4a1830d6a902fe554af2f59e20c883cab967e6b

COCOAPODS: 1.12.1
