PODS:
  - BugsnagPerformance (1.14.0)
  - common (56)

DEPENDENCIES:
  - BugsnagPerformance
  - common (from `../common`)

SPEC REPOS:
  trunk:
    - BugsnagPerformance

EXTERNAL SOURCES:
  common:
    :path: "../common"

SPEC CHECKSUMS:
  BugsnagPerformance: 1ce529b5ade51e2048019850fd0f8da5bcb8ee39
  common: 0fcea0c9138ca5baf3248db6ec48bef641214d35

PODFILE CHECKSUM: 4920348368ba17ef8849764f6aaf014e551ab4f8

COCOAPODS: 1.16.2
